
Microsoft Visual Studio Solution File, Format Version 11.00
# Visual Studio 2010
Project("{FAE04EC0-301F-11D3-BF4B-00C04F79EFBC}") = "FukjBizSystem", "FukjBizSystem.csproj", "{9943AF35-E365-4C5D-87EE-80A56A32DF53}"
EndProject
Project("{FAE04EC0-301F-11D3-BF4B-00C04F79EFBC}") = "ZynasControl", "..\ZynasControl\ZynasControl.csproj", "{FAE6400B-48ED-44CF-9FFB-2E4A17FDA8A1}"
EndProject
Project("{FAE04EC0-301F-11D3-BF4B-00C04F79EFBC}") = "ZynasFramework", "..\ZynasFramework\ZynasFramework.csproj", "{13672596-FDA4-4C66-8A43-74D64836A854}"
EndProject
Global
	GlobalSection(SolutionConfigurationPlatforms) = preSolution
		Debug|Any CPU = Debug|Any CPU
		Debug|Mixed Platforms = Debug|Mixed Platforms
		Debug|x86 = Debug|x86
		Release|Any CPU = Release|Any CPU
		Release|Mixed Platforms = Release|Mixed Platforms
		Release|x86 = Release|x86
	EndGlobalSection
	GlobalSection(ProjectConfigurationPlatforms) = postSolution
		{9943AF35-E365-4C5D-87EE-80A56A32DF53}.Debug|Any CPU.ActiveCfg = Debug|x86
		{9943AF35-E365-4C5D-87EE-80A56A32DF53}.Debug|Mixed Platforms.ActiveCfg = Debug|x86
		{9943AF35-E365-4C5D-87EE-80A56A32DF53}.Debug|Mixed Platforms.Build.0 = Debug|x86
		{9943AF35-E365-4C5D-87EE-80A56A32DF53}.Debug|x86.ActiveCfg = Debug|x86
		{9943AF35-E365-4C5D-87EE-80A56A32DF53}.Debug|x86.Build.0 = Debug|x86
		{9943AF35-E365-4C5D-87EE-80A56A32DF53}.Release|Any CPU.ActiveCfg = Release|x86
		{9943AF35-E365-4C5D-87EE-80A56A32DF53}.Release|Mixed Platforms.ActiveCfg = Release|x86
		{9943AF35-E365-4C5D-87EE-80A56A32DF53}.Release|Mixed Platforms.Build.0 = Release|x86
		{9943AF35-E365-4C5D-87EE-80A56A32DF53}.Release|x86.ActiveCfg = Release|x86
		{9943AF35-E365-4C5D-87EE-80A56A32DF53}.Release|x86.Build.0 = Release|x86
		{FAE6400B-48ED-44CF-9FFB-2E4A17FDA8A1}.Debug|Any CPU.ActiveCfg = Debug|Any CPU
		{FAE6400B-48ED-44CF-9FFB-2E4A17FDA8A1}.Debug|Any CPU.Build.0 = Debug|Any CPU
		{FAE6400B-48ED-44CF-9FFB-2E4A17FDA8A1}.Debug|Mixed Platforms.ActiveCfg = Debug|Any CPU
		{FAE6400B-48ED-44CF-9FFB-2E4A17FDA8A1}.Debug|Mixed Platforms.Build.0 = Debug|Any CPU
		{FAE6400B-48ED-44CF-9FFB-2E4A17FDA8A1}.Debug|x86.ActiveCfg = Debug|Any CPU
		{FAE6400B-48ED-44CF-9FFB-2E4A17FDA8A1}.Release|Any CPU.ActiveCfg = Release|Any CPU
		{FAE6400B-48ED-44CF-9FFB-2E4A17FDA8A1}.Release|Any CPU.Build.0 = Release|Any CPU
		{FAE6400B-48ED-44CF-9FFB-2E4A17FDA8A1}.Release|Mixed Platforms.ActiveCfg = Release|Any CPU
		{FAE6400B-48ED-44CF-9FFB-2E4A17FDA8A1}.Release|Mixed Platforms.Build.0 = Release|Any CPU
		{FAE6400B-48ED-44CF-9FFB-2E4A17FDA8A1}.Release|x86.ActiveCfg = Release|Any CPU
		{13672596-FDA4-4C66-8A43-74D64836A854}.Debug|Any CPU.ActiveCfg = Debug|Any CPU
		{13672596-FDA4-4C66-8A43-74D64836A854}.Debug|Any CPU.Build.0 = Debug|Any CPU
		{13672596-FDA4-4C66-8A43-74D64836A854}.Debug|Mixed Platforms.ActiveCfg = Debug|Any CPU
		{13672596-FDA4-4C66-8A43-74D64836A854}.Debug|Mixed Platforms.Build.0 = Debug|Any CPU
		{13672596-FDA4-4C66-8A43-74D64836A854}.Debug|x86.ActiveCfg = Debug|Any CPU
		{13672596-FDA4-4C66-8A43-74D64836A854}.Release|Any CPU.ActiveCfg = Release|Any CPU
		{13672596-FDA4-4C66-8A43-74D64836A854}.Release|Any CPU.Build.0 = Release|Any CPU
		{13672596-FDA4-4C66-8A43-74D64836A854}.Release|Mixed Platforms.ActiveCfg = Release|Any CPU
		{13672596-FDA4-4C66-8A43-74D64836A854}.Release|Mixed Platforms.Build.0 = Release|Any CPU
		{13672596-FDA4-4C66-8A43-74D64836A854}.Release|x86.ActiveCfg = Release|Any CPU
	EndGlobalSection
	GlobalSection(SolutionProperties) = preSolution
		HideSolutionNode = FALSE
	EndGlobalSection
EndGlobal
